
Microsoft Visual Studio Solution File, Format Version 12.00
# Visual Studio Version 17
VisualStudioVersion = 17.3.32901.215
MinimumVisualStudioVersion = 10.0.40219.1
Project("{FAE04EC0-301F-11D3-BF4B-00C04F79EFBC}") = "P7_1_1214058", "P7_1_1214058\P7_1_1214058.csproj", "{BD141A3C-3033-466D-90F2-69EFEA647927}"
EndProject
Global
	GlobalSection(SolutionConfigurationPlatforms) = preSolution
		Debug|Any CPU = Debug|Any CPU
		Release|Any CPU = Release|Any CPU
	EndGlobalSection
	GlobalSection(ProjectConfigurationPlatforms) = postSolution
		{BD141A3C-3033-466D-90F2-69EFEA647927}.Debug|Any CPU.ActiveCfg = Debug|Any CPU
		{BD141A3C-3033-466D-90F2-69EFEA647927}.Debug|Any CPU.Build.0 = Debug|Any CPU
		{BD141A3C-3033-466D-90F2-69EFEA647927}.Release|Any CPU.ActiveCfg = Release|Any CPU
		{BD141A3C-3033-466D-90F2-69EFEA647927}.Release|Any CPU.Build.0 = Release|Any CPU
	EndGlobalSection
	GlobalSection(SolutionProperties) = preSolution
		HideSolutionNode = FALSE
	EndGlobalSection
	GlobalSection(ExtensibilityGlobals) = postSolution
		SolutionGuid = {4A886C4D-3335-4C1C-AD4C-2C30B4B72B81}
	EndGlobalSection
EndGlobal
